
Microsoft Visual Studio Solution File, Format Version 12.00
# Visual Studio Version 16
VisualStudioVersion = 16.0.32630.194
MinimumVisualStudioVersion = 10.0.40219.1
Project("{FAE04EC0-301F-11D3-BF4B-00C04F79EFBC}") = "Data", "Data\Data.csproj", "{7ADA3FE1-B126-4061-A749-085DA96AC60D}"
EndProject
Global
	GlobalSection(SolutionConfigurationPlatforms) = preSolution
		Debug|Any CPU = Debug|Any CPU
		Release|Any CPU = Release|Any CPU
	EndGlobalSection
	GlobalSection(ProjectConfigurationPlatforms) = postSolution
		{7ADA3FE1-B126-4061-A749-085DA96AC60D}.Debug|Any CPU.ActiveCfg = Debug|Any CPU
		{7ADA3FE1-B126-4061-A749-085DA96AC60D}.Debug|Any CPU.Build.0 = Debug|Any CPU
		{7ADA3FE1-B126-4061-A749-085DA96AC60D}.Release|Any CPU.ActiveCfg = Release|Any CPU
		{7ADA3FE1-B126-4061-A749-085DA96AC60D}.Release|Any CPU.Build.0 = Release|Any CPU
	EndGlobalSection
	GlobalSection(SolutionProperties) = preSolution
		HideSolutionNode = FALSE
	EndGlobalSection
	GlobalSection(ExtensibilityGlobals) = postSolution
		SolutionGuid = {4C64CDE8-451E-474C-81BB-DC67C7101C63}
	EndGlobalSection
EndGlobal
